Microsoft Visual Studio Solution File, Format Version 12.00
# Visual Studio Version 17
VisualStudioVersion = 17.5.2.0
MinimumVisualStudioVersion = 10.0.40219.1
Project("{2150E333-8FDC-42A3-9474-1A3956D46DE8}") = "escolaTrabalhos", "escolaTrabalhos", "{97801D5D-4A1B-C74C-B4FD-7AA55974EF73}"
EndProject
Project("{2150E333-8FDC-42A3-9474-1A3956D46DE8}") = "AndereTrabalhos", "AndereTrabalhos", "{DBAB612C-6B63-4619-39D4-AE27277EA601}"
EndProject
Project("{2150E333-8FDC-42A3-9474-1A3956D46DE8}") = "C#", "C#", "{26DAE59A-A3A3-F9B2-645A-1DE77A3F819F}"
EndProject
Project("{FAE04EC0-301F-11D3-BF4B-00C04F79EFBC}") = "diffProduto", "escolaTrabalhos\AndereTrabalhos\C#\diffProduto\diffProduto.csproj", "{43671D88-963F-38FE-05EF-DC2DDC8DBDE0}"
EndProject
Project("{FAE04EC0-301F-11D3-BF4B-00C04F79EFBC}") = "raioCirculo", "escolaTrabalhos\AndereTrabalhos\C#\raioCirculo\raioCirculo.csproj", "{378B2864-E079-4772-4426-5E5719300CF3}"
EndProject
Project("{2150E333-8FDC-42A3-9474-1A3956D46DE8}") = "MoscaTrabalhos", "MoscaTrabalhos", "{91C0945B-4501-5C26-3AFA-41A5FD4E8950}"
EndProject
Project("{2150E333-8FDC-42A3-9474-1A3956D46DE8}") = "C#", "C#", "{55B49F76-E273-260F-AD45-63EE47B50E73}"
EndProject
Project("{FAE04EC0-301F-11D3-BF4B-00C04F79EFBC}") = "Tabuada", "escolaTrabalhos\MoscaTrabalhos\C#\Tabuada\Tabuada.csproj", "{7FB9A197-6B9E-1EC9-E1FD-4CE4ADCA4D23}"
EndProject
Project("{FAE04EC0-301F-11D3-BF4B-00C04F79EFBC}") = "AtividadeMosca1", "escolaTrabalhos\MoscaTrabalhos\C#\AtividadeMosca1\AtividadeMosca1.csproj", "{13E6A41E-EB48-AC14-DE33-2F212815A466}"
EndProject
Project("{FAE04EC0-301F-11D3-BF4B-00C04F79EFBC}") = "RandNumGame", "escolaTrabalhos\MoscaTrabalhos\C#\RandNumGame\RandNumGame.csproj", "{E964A692-8C3E-B1F9-0589-45ADE4A48F06}"
EndProject
Project("{FAE04EC0-301F-11D3-BF4B-00C04F79EFBC}") = "Login", "escolaTrabalhos\MoscaTrabalhos\C#\Login\Login.csproj", "{231AB501-F22C-90C9-3083-EDECFEDF670D}"
EndProject
Project("{FAE04EC0-301F-11D3-BF4B-00C04F79EFBC}") = "Imcalc", "escolaTrabalhos\MoscaTrabalhos\C#\Imcalc\Imcalc.csproj", "{74323652-F829-E0A4-724B-92118BD118B6}"
EndProject
Project("{FAE04EC0-301F-11D3-BF4B-00C04F79EFBC}") = "Verificador", "escolaTrabalhos\MoscaTrabalhos\C#\Verificador\Verificador.csproj", "{9983337E-B58C-E522-CBF9-1A1A58EC4ADC}"
EndProject
Project("{FAE04EC0-301F-11D3-BF4B-00C04F79EFBC}") = "ToDoList", "escolaTrabalhos\MoscaTrabalhos\C#\ToDoList\ToDoList.csproj", "{C8DEBBC9-46FE-E006-9BF6-ABDBF7363BE2}"
EndProject
Project("{FAE04EC0-301F-11D3-BF4B-00C04F79EFBC}") = "LogOn", "escolaTrabalhos\MoscaTrabalhos\C#\LogOn\LogOn.csproj", "{3D5D5CDA-13F2-1A19-E363-C762B75F6559}"
EndProject
Global
	GlobalSection(SolutionConfigurationPlatforms) = preSolution
		Debug|Any CPU = Debug|Any CPU
		Release|Any CPU = Release|Any CPU
	EndGlobalSection
	GlobalSection(ProjectConfigurationPlatforms) = postSolution
		{43671D88-963F-38FE-05EF-DC2DDC8DBDE0}.Debug|Any CPU.ActiveCfg = Debug|Any CPU
		{43671D88-963F-38FE-05EF-DC2DDC8DBDE0}.Debug|Any CPU.Build.0 = Debug|Any CPU
		{43671D88-963F-38FE-05EF-DC2DDC8DBDE0}.Release|Any CPU.ActiveCfg = Release|Any CPU
		{43671D88-963F-38FE-05EF-DC2DDC8DBDE0}.Release|Any CPU.Build.0 = Release|Any CPU
		{378B2864-E079-4772-4426-5E5719300CF3}.Debug|Any CPU.ActiveCfg = Debug|Any CPU
		{378B2864-E079-4772-4426-5E5719300CF3}.Debug|Any CPU.Build.0 = Debug|Any CPU
		{378B2864-E079-4772-4426-5E5719300CF3}.Release|Any CPU.ActiveCfg = Release|Any CPU
		{378B2864-E079-4772-4426-5E5719300CF3}.Release|Any CPU.Build.0 = Release|Any CPU
		{7FB9A197-6B9E-1EC9-E1FD-4CE4ADCA4D23}.Debug|Any CPU.ActiveCfg = Debug|Any CPU
		{7FB9A197-6B9E-1EC9-E1FD-4CE4ADCA4D23}.Debug|Any CPU.Build.0 = Debug|Any CPU
		{7FB9A197-6B9E-1EC9-E1FD-4CE4ADCA4D23}.Release|Any CPU.ActiveCfg = Release|Any CPU
		{7FB9A197-6B9E-1EC9-E1FD-4CE4ADCA4D23}.Release|Any CPU.Build.0 = Release|Any CPU
		{13E6A41E-EB48-AC14-DE33-2F212815A466}.Debug|Any CPU.ActiveCfg = Debug|Any CPU
		{13E6A41E-EB48-AC14-DE33-2F212815A466}.Debug|Any CPU.Build.0 = Debug|Any CPU
		{13E6A41E-EB48-AC14-DE33-2F212815A466}.Release|Any CPU.ActiveCfg = Release|Any CPU
		{13E6A41E-EB48-AC14-DE33-2F212815A466}.Release|Any CPU.Build.0 = Release|Any CPU
		{E964A692-8C3E-B1F9-0589-45ADE4A48F06}.Debug|Any CPU.ActiveCfg = Debug|Any CPU
		{E964A692-8C3E-B1F9-0589-45ADE4A48F06}.Debug|Any CPU.Build.0 = Debug|Any CPU
		{E964A692-8C3E-B1F9-0589-45ADE4A48F06}.Release|Any CPU.ActiveCfg = Release|Any CPU
		{E964A692-8C3E-B1F9-0589-45ADE4A48F06}.Release|Any CPU.Build.0 = Release|Any CPU
		{231AB501-F22C-90C9-3083-EDECFEDF670D}.Debug|Any CPU.ActiveCfg = Debug|Any CPU
		{231AB501-F22C-90C9-3083-EDECFEDF670D}.Debug|Any CPU.Build.0 = Debug|Any CPU
		{231AB501-F22C-90C9-3083-EDECFEDF670D}.Release|Any CPU.ActiveCfg = Release|Any CPU
		{231AB501-F22C-90C9-3083-EDECFEDF670D}.Release|Any CPU.Build.0 = Release|Any CPU
		{74323652-F829-E0A4-724B-92118BD118B6}.Debug|Any CPU.ActiveCfg = Debug|Any CPU
		{74323652-F829-E0A4-724B-92118BD118B6}.Debug|Any CPU.Build.0 = Debug|Any CPU
		{74323652-F829-E0A4-724B-92118BD118B6}.Release|Any CPU.ActiveCfg = Release|Any CPU
		{74323652-F829-E0A4-724B-92118BD118B6}.Release|Any CPU.Build.0 = Release|Any CPU
		{9983337E-B58C-E522-CBF9-1A1A58EC4ADC}.Debug|Any CPU.ActiveCfg = Debug|Any CPU
		{9983337E-B58C-E522-CBF9-1A1A58EC4ADC}.Debug|Any CPU.Build.0 = Debug|Any CPU
		{9983337E-B58C-E522-CBF9-1A1A58EC4ADC}.Release|Any CPU.ActiveCfg = Release|Any CPU
		{9983337E-B58C-E522-CBF9-1A1A58EC4ADC}.Release|Any CPU.Build.0 = Release|Any CPU
		{C8DEBBC9-46FE-E006-9BF6-ABDBF7363BE2}.Debug|Any CPU.ActiveCfg = Debug|Any CPU
		{C8DEBBC9-46FE-E006-9BF6-ABDBF7363BE2}.Debug|Any CPU.Build.0 = Debug|Any CPU
		{C8DEBBC9-46FE-E006-9BF6-ABDBF7363BE2}.Release|Any CPU.ActiveCfg = Release|Any CPU
		{C8DEBBC9-46FE-E006-9BF6-ABDBF7363BE2}.Release|Any CPU.Build.0 = Release|Any CPU
		{3D5D5CDA-13F2-1A19-E363-C762B75F6559}.Debug|Any CPU.ActiveCfg = Debug|Any CPU
		{3D5D5CDA-13F2-1A19-E363-C762B75F6559}.Debug|Any CPU.Build.0 = Debug|Any CPU
		{3D5D5CDA-13F2-1A19-E363-C762B75F6559}.Release|Any CPU.ActiveCfg = Release|Any CPU
		{3D5D5CDA-13F2-1A19-E363-C762B75F6559}.Release|Any CPU.Build.0 = Release|Any CPU
	EndGlobalSection
	GlobalSection(SolutionProperties) = preSolution
		HideSolutionNode = FALSE
	EndGlobalSection
	GlobalSection(NestedProjects) = preSolution
		{DBAB612C-6B63-4619-39D4-AE27277EA601} = {97801D5D-4A1B-C74C-B4FD-7AA55974EF73}
		{26DAE59A-A3A3-F9B2-645A-1DE77A3F819F} = {DBAB612C-6B63-4619-39D4-AE27277EA601}
		{43671D88-963F-38FE-05EF-DC2DDC8DBDE0} = {26DAE59A-A3A3-F9B2-645A-1DE77A3F819F}
		{378B2864-E079-4772-4426-5E5719300CF3} = {26DAE59A-A3A3-F9B2-645A-1DE77A3F819F}
		{91C0945B-4501-5C26-3AFA-41A5FD4E8950} = {97801D5D-4A1B-C74C-B4FD-7AA55974EF73}
		{55B49F76-E273-260F-AD45-63EE47B50E73} = {91C0945B-4501-5C26-3AFA-41A5FD4E8950}
		{7FB9A197-6B9E-1EC9-E1FD-4CE4ADCA4D23} = {55B49F76-E273-260F-AD45-63EE47B50E73}
		{13E6A41E-EB48-AC14-DE33-2F212815A466} = {55B49F76-E273-260F-AD45-63EE47B50E73}
		{E964A692-8C3E-B1F9-0589-45ADE4A48F06} = {55B49F76-E273-260F-AD45-63EE47B50E73}
		{231AB501-F22C-90C9-3083-EDECFEDF670D} = {55B49F76-E273-260F-AD45-63EE47B50E73}
		{74323652-F829-E0A4-724B-92118BD118B6} = {55B49F76-E273-260F-AD45-63EE47B50E73}
		{9983337E-B58C-E522-CBF9-1A1A58EC4ADC} = {55B49F76-E273-260F-AD45-63EE47B50E73}
		{C8DEBBC9-46FE-E006-9BF6-ABDBF7363BE2} = {55B49F76-E273-260F-AD45-63EE47B50E73}
		{3D5D5CDA-13F2-1A19-E363-C762B75F6559} = {55B49F76-E273-260F-AD45-63EE47B50E73}
	EndGlobalSection
	GlobalSection(ExtensibilityGlobals) = postSolution
		SolutionGuid = {FE5D8520-8868-40F6-B3AE-992BE66EE995}
	EndGlobalSection
EndGlobal
