
Microsoft Visual Studio Solution File, Format Version 12.00
# Visual Studio Version 17
VisualStudioVersion = 17.5.2.0
MinimumVisualStudioVersion = 10.0.40219.1
Project("{2150E333-8FDC-42A3-9474-1A3956D46DE8}") = "escolaTrabalhos", "escolaTrabalhos", "{97801D5D-4A1B-C74C-B4FD-7AA55974EF73}"
EndProject
Project("{2150E333-8FDC-42A3-9474-1A3956D46DE8}") = "AndereTrabalhos", "AndereTrabalhos", "{DBAB612C-6B63-4619-39D4-AE27277EA601}"
EndProject
Project("{2150E333-8FDC-42A3-9474-1A3956D46DE8}") = "C#", "C#", "{26DAE59A-A3A3-F9B2-645A-1DE77A3F819F}"
EndProject
Project("{2150E333-8FDC-42A3-9474-1A3956D46DE8}") = "MoscaTrabalhos", "MoscaTrabalhos", "{91C0945B-4501-5C26-3AFA-41A5FD4E8950}"
EndProject
Project("{2150E333-8FDC-42A3-9474-1A3956D46DE8}") = "C#", "C#", "{55B49F76-E273-260F-AD45-63EE47B50E73}"
EndProject
Project("{FAE04EC0-301F-11D3-BF4B-00C04F79EFBC}") = "Tabuada", "escolaTrabalhos\MoscaTrabalhos\C#\Tabuada\Tabuada.csproj", "{7FB9A197-6B9E-1EC9-E1FD-4CE4ADCA4D23}"
EndProject
Project("{FAE04EC0-301F-11D3-BF4B-00C04F79EFBC}") = "AtividadeMosca1", "escolaTrabalhos\MoscaTrabalhos\C#\AtividadeMosca1\AtividadeMosca1.csproj", "{13E6A41E-EB48-AC14-DE33-2F212815A466}"
EndProject
Project("{FAE04EC0-301F-11D3-BF4B-00C04F79EFBC}") = "RandNumGame", "escolaTrabalhos\MoscaTrabalhos\C#\RandNumGame\RandNumGame.csproj", "{E964A692-8C3E-B1F9-0589-45ADE4A48F06}"
EndProject
Project("{FAE04EC0-301F-11D3-BF4B-00C04F79EFBC}") = "Login", "escolaTrabalhos\MoscaTrabalhos\C#\Login\Login.csproj", "{231AB501-F22C-90C9-3083-EDECFEDF670D}"
EndProject
Project("{FAE04EC0-301F-11D3-BF4B-00C04F79EFBC}") = "Imcalc", "escolaTrabalhos\MoscaTrabalhos\C#\Imcalc\Imcalc.csproj", "{74323652-F829-E0A4-724B-92118BD118B6}"
EndProject
Project("{FAE04EC0-301F-11D3-BF4B-00C04F79EFBC}") = "Verificador", "escolaTrabalhos\MoscaTrabalhos\C#\Verificador\Verificador.csproj", "{9983337E-B58C-E522-CBF9-1A1A58EC4ADC}"
EndProject
Project("{FAE04EC0-301F-11D3-BF4B-00C04F79EFBC}") = "ToDoList", "escolaTrabalhos\MoscaTrabalhos\C#\ToDoList\ToDoList.csproj", "{C8DEBBC9-46FE-E006-9BF6-ABDBF7363BE2}"
EndProject
Project("{FAE04EC0-301F-11D3-BF4B-00C04F79EFBC}") = "LogOn", "escolaTrabalhos\MoscaTrabalhos\C#\LogOn\LogOn.csproj", "{3D5D5CDA-13F2-1A19-E363-C762B75F6559}"
EndProject
Project("{2150E333-8FDC-42A3-9474-1A3956D46DE8}") = "Aula4", "Aula4", "{3276BDED-FF0C-3AE9-2732-5CEA19E8C2BC}"
EndProject
Project("{2150E333-8FDC-42A3-9474-1A3956D46DE8}") = "C#", "C#", "{17E054F8-9EB6-C159-1F70-05BE13CF6570}"
EndProject
Project("{FAE04EC0-301F-11D3-BF4B-00C04F79EFBC}") = "numInteiro", "escolaTrabalhos\AndereTrabalhos\Aula4\C#\numInteiro\numInteiro.csproj", "{17D41939-6F6F-439B-95AB-F2598ADCE2DC}"
EndProject
Project("{2150E333-8FDC-42A3-9474-1A3956D46DE8}") = "Aula5", "Aula5", "{5191457A-9FF4-6E9C-9BA6-1C72AFEC0694}"
EndProject
Project("{2150E333-8FDC-42A3-9474-1A3956D46DE8}") = "C++(have to do)", "C++(have to do)", "{33DA2463-32A7-3E95-93C8-531168ADA9A7}"
EndProject
Project("{2150E333-8FDC-42A3-9474-1A3956D46DE8}") = "somaNum", "somaNum", "{31DDE893-E9E8-7881-CCFD-EA9EE634DF2C}"
EndProject
Project("{FAE04EC0-301F-11D3-BF4B-00C04F79EFBC}") = "somaNum", "escolaTrabalhos\AndereTrabalhos\Aula5\C++(have to do)\somaNum\somaNum\somaNum.csproj", "{CA119F32-9D21-454B-8A3F-BB823457EC46}"
EndProject
Project("{FAE04EC0-301F-11D3-BF4B-00C04F79EFBC}") = "rpgClasse", "escolaTrabalhos\AndereTrabalhos\Aula4\C#\rpgClasse\rpgClasse.csproj", "{7A2089E9-D31D-4C05-8AD3-68B05F702562}"
EndProject
Project("{2150E333-8FDC-42A3-9474-1A3956D46DE8}") = "Aula6", "Aula6", "{3DC76A97-848A-41F7-835C-23F642B4B9E2}"
EndProject
Project("{2150E333-8FDC-42A3-9474-1A3956D46DE8}") = "C#", "C#", "{7FF63C51-56BB-44CF-AD29-97351FA01E18}"
EndProject
Project("{FAE04EC0-301F-11D3-BF4B-00C04F79EFBC}") = "heroProgram", "escolaTrabalhos\AndereTrabalhos\Aula6\C#\ex3\heroProgram.csproj", "{4A0FE12A-8CB2-4730-813E-5A1BA035769E}"
EndProject
Project("{2150E333-8FDC-42A3-9474-1A3956D46DE8}") = "Aula8", "Aula8", "{C6A5F519-9708-3D77-CE90-15C8A9F34369}"
EndProject
Project("{2150E333-8FDC-42A3-9474-1A3956D46DE8}") = "C#", "C#", "{9AF92F6A-CD08-AE63-74AD-C0C535F0BD8C}"
EndProject
Project("{2150E333-8FDC-42A3-9474-1A3956D46DE8}") = "ex4", "ex4", "{9B3C1E04-B46B-BECF-3318-0BA822DB0390}"
EndProject
Project("{FAE04EC0-301F-11D3-BF4B-00C04F79EFBC}") = "heroCode", "escolaTrabalhos\AndereTrabalhos\Aula8\C#\ex4\heroCode\heroCode.csproj", "{0DC861DE-D152-49DB-84CA-4D5F41CC68F8}"
EndProject
Project("{2150E333-8FDC-42A3-9474-1A3956D46DE8}") = "ex5", "ex5", "{D41CC122-FD82-BFA9-45D5-840D98EDBBE2}"
EndProject
Project("{FAE04EC0-301F-11D3-BF4B-00C04F79EFBC}") = "requestCode", "escolaTrabalhos\AndereTrabalhos\Aula8\C#\ex5\requestCode\requestCode.csproj", "{CB5AF8B9-4C65-48A7-95E8-F30C57A7136A}"
EndProject
Global
	GlobalSection(SolutionConfigurationPlatforms) = preSolution
		Debug|Any CPU = Debug|Any CPU
		Debug|x64 = Debug|x64
		Debug|x86 = Debug|x86
		Release|Any CPU = Release|Any CPU
		Release|x64 = Release|x64
		Release|x86 = Release|x86
	EndGlobalSection
	GlobalSection(ProjectConfigurationPlatforms) = postSolution
		{7FB9A197-6B9E-1EC9-E1FD-4CE4ADCA4D23}.Debug|Any CPU.ActiveCfg = Debug|Any CPU
		{7FB9A197-6B9E-1EC9-E1FD-4CE4ADCA4D23}.Debug|Any CPU.Build.0 = Debug|Any CPU
		{7FB9A197-6B9E-1EC9-E1FD-4CE4ADCA4D23}.Debug|x64.ActiveCfg = Debug|Any CPU
		{7FB9A197-6B9E-1EC9-E1FD-4CE4ADCA4D23}.Debug|x64.Build.0 = Debug|Any CPU
		{7FB9A197-6B9E-1EC9-E1FD-4CE4ADCA4D23}.Debug|x86.ActiveCfg = Debug|Any CPU
		{7FB9A197-6B9E-1EC9-E1FD-4CE4ADCA4D23}.Debug|x86.Build.0 = Debug|Any CPU
		{7FB9A197-6B9E-1EC9-E1FD-4CE4ADCA4D23}.Release|Any CPU.ActiveCfg = Release|Any CPU
		{7FB9A197-6B9E-1EC9-E1FD-4CE4ADCA4D23}.Release|Any CPU.Build.0 = Release|Any CPU
		{7FB9A197-6B9E-1EC9-E1FD-4CE4ADCA4D23}.Release|x64.ActiveCfg = Release|Any CPU
		{7FB9A197-6B9E-1EC9-E1FD-4CE4ADCA4D23}.Release|x64.Build.0 = Release|Any CPU
		{7FB9A197-6B9E-1EC9-E1FD-4CE4ADCA4D23}.Release|x86.ActiveCfg = Release|Any CPU
		{7FB9A197-6B9E-1EC9-E1FD-4CE4ADCA4D23}.Release|x86.Build.0 = Release|Any CPU
		{13E6A41E-EB48-AC14-DE33-2F212815A466}.Debug|Any CPU.ActiveCfg = Debug|Any CPU
		{13E6A41E-EB48-AC14-DE33-2F212815A466}.Debug|Any CPU.Build.0 = Debug|Any CPU
		{13E6A41E-EB48-AC14-DE33-2F212815A466}.Debug|x64.ActiveCfg = Debug|Any CPU
		{13E6A41E-EB48-AC14-DE33-2F212815A466}.Debug|x64.Build.0 = Debug|Any CPU
		{13E6A41E-EB48-AC14-DE33-2F212815A466}.Debug|x86.ActiveCfg = Debug|Any CPU
		{13E6A41E-EB48-AC14-DE33-2F212815A466}.Debug|x86.Build.0 = Debug|Any CPU
		{13E6A41E-EB48-AC14-DE33-2F212815A466}.Release|Any CPU.ActiveCfg = Release|Any CPU
		{13E6A41E-EB48-AC14-DE33-2F212815A466}.Release|Any CPU.Build.0 = Release|Any CPU
		{13E6A41E-EB48-AC14-DE33-2F212815A466}.Release|x64.ActiveCfg = Release|Any CPU
		{13E6A41E-EB48-AC14-DE33-2F212815A466}.Release|x64.Build.0 = Release|Any CPU
		{13E6A41E-EB48-AC14-DE33-2F212815A466}.Release|x86.ActiveCfg = Release|Any CPU
		{13E6A41E-EB48-AC14-DE33-2F212815A466}.Release|x86.Build.0 = Release|Any CPU
		{E964A692-8C3E-B1F9-0589-45ADE4A48F06}.Debug|Any CPU.ActiveCfg = Debug|Any CPU
		{E964A692-8C3E-B1F9-0589-45ADE4A48F06}.Debug|Any CPU.Build.0 = Debug|Any CPU
		{E964A692-8C3E-B1F9-0589-45ADE4A48F06}.Debug|x64.ActiveCfg = Debug|Any CPU
		{E964A692-8C3E-B1F9-0589-45ADE4A48F06}.Debug|x64.Build.0 = Debug|Any CPU
		{E964A692-8C3E-B1F9-0589-45ADE4A48F06}.Debug|x86.ActiveCfg = Debug|Any CPU
		{E964A692-8C3E-B1F9-0589-45ADE4A48F06}.Debug|x86.Build.0 = Debug|Any CPU
		{E964A692-8C3E-B1F9-0589-45ADE4A48F06}.Release|Any CPU.ActiveCfg = Release|Any CPU
		{E964A692-8C3E-B1F9-0589-45ADE4A48F06}.Release|Any CPU.Build.0 = Release|Any CPU
		{E964A692-8C3E-B1F9-0589-45ADE4A48F06}.Release|x64.ActiveCfg = Release|Any CPU
		{E964A692-8C3E-B1F9-0589-45ADE4A48F06}.Release|x64.Build.0 = Release|Any CPU
		{E964A692-8C3E-B1F9-0589-45ADE4A48F06}.Release|x86.ActiveCfg = Release|Any CPU
		{E964A692-8C3E-B1F9-0589-45ADE4A48F06}.Release|x86.Build.0 = Release|Any CPU
		{231AB501-F22C-90C9-3083-EDECFEDF670D}.Debug|Any CPU.ActiveCfg = Debug|Any CPU
		{231AB501-F22C-90C9-3083-EDECFEDF670D}.Debug|Any CPU.Build.0 = Debug|Any CPU
		{231AB501-F22C-90C9-3083-EDECFEDF670D}.Debug|x64.ActiveCfg = Debug|Any CPU
		{231AB501-F22C-90C9-3083-EDECFEDF670D}.Debug|x64.Build.0 = Debug|Any CPU
		{231AB501-F22C-90C9-3083-EDECFEDF670D}.Debug|x86.ActiveCfg = Debug|Any CPU
		{231AB501-F22C-90C9-3083-EDECFEDF670D}.Debug|x86.Build.0 = Debug|Any CPU
		{231AB501-F22C-90C9-3083-EDECFEDF670D}.Release|Any CPU.ActiveCfg = Release|Any CPU
		{231AB501-F22C-90C9-3083-EDECFEDF670D}.Release|Any CPU.Build.0 = Release|Any CPU
		{231AB501-F22C-90C9-3083-EDECFEDF670D}.Release|x64.ActiveCfg = Release|Any CPU
		{231AB501-F22C-90C9-3083-EDECFEDF670D}.Release|x64.Build.0 = Release|Any CPU
		{231AB501-F22C-90C9-3083-EDECFEDF670D}.Release|x86.ActiveCfg = Release|Any CPU
		{231AB501-F22C-90C9-3083-EDECFEDF670D}.Release|x86.Build.0 = Release|Any CPU
		{74323652-F829-E0A4-724B-92118BD118B6}.Debug|Any CPU.ActiveCfg = Debug|Any CPU
		{74323652-F829-E0A4-724B-92118BD118B6}.Debug|Any CPU.Build.0 = Debug|Any CPU
		{74323652-F829-E0A4-724B-92118BD118B6}.Debug|x64.ActiveCfg = Debug|Any CPU
		{74323652-F829-E0A4-724B-92118BD118B6}.Debug|x64.Build.0 = Debug|Any CPU
		{74323652-F829-E0A4-724B-92118BD118B6}.Debug|x86.ActiveCfg = Debug|Any CPU
		{74323652-F829-E0A4-724B-92118BD118B6}.Debug|x86.Build.0 = Debug|Any CPU
		{74323652-F829-E0A4-724B-92118BD118B6}.Release|Any CPU.ActiveCfg = Release|Any CPU
		{74323652-F829-E0A4-724B-92118BD118B6}.Release|Any CPU.Build.0 = Release|Any CPU
		{74323652-F829-E0A4-724B-92118BD118B6}.Release|x64.ActiveCfg = Release|Any CPU
		{74323652-F829-E0A4-724B-92118BD118B6}.Release|x64.Build.0 = Release|Any CPU
		{74323652-F829-E0A4-724B-92118BD118B6}.Release|x86.ActiveCfg = Release|Any CPU
		{74323652-F829-E0A4-724B-92118BD118B6}.Release|x86.Build.0 = Release|Any CPU
		{9983337E-B58C-E522-CBF9-1A1A58EC4ADC}.Debug|Any CPU.ActiveCfg = Debug|Any CPU
		{9983337E-B58C-E522-CBF9-1A1A58EC4ADC}.Debug|Any CPU.Build.0 = Debug|Any CPU
		{9983337E-B58C-E522-CBF9-1A1A58EC4ADC}.Debug|x64.ActiveCfg = Debug|Any CPU
		{9983337E-B58C-E522-CBF9-1A1A58EC4ADC}.Debug|x64.Build.0 = Debug|Any CPU
		{9983337E-B58C-E522-CBF9-1A1A58EC4ADC}.Debug|x86.ActiveCfg = Debug|Any CPU
		{9983337E-B58C-E522-CBF9-1A1A58EC4ADC}.Debug|x86.Build.0 = Debug|Any CPU
		{9983337E-B58C-E522-CBF9-1A1A58EC4ADC}.Release|Any CPU.ActiveCfg = Release|Any CPU
		{9983337E-B58C-E522-CBF9-1A1A58EC4ADC}.Release|Any CPU.Build.0 = Release|Any CPU
		{9983337E-B58C-E522-CBF9-1A1A58EC4ADC}.Release|x64.ActiveCfg = Release|Any CPU
		{9983337E-B58C-E522-CBF9-1A1A58EC4ADC}.Release|x64.Build.0 = Release|Any CPU
		{9983337E-B58C-E522-CBF9-1A1A58EC4ADC}.Release|x86.ActiveCfg = Release|Any CPU
		{9983337E-B58C-E522-CBF9-1A1A58EC4ADC}.Release|x86.Build.0 = Release|Any CPU
		{C8DEBBC9-46FE-E006-9BF6-ABDBF7363BE2}.Debug|Any CPU.ActiveCfg = Debug|Any CPU
		{C8DEBBC9-46FE-E006-9BF6-ABDBF7363BE2}.Debug|Any CPU.Build.0 = Debug|Any CPU
		{C8DEBBC9-46FE-E006-9BF6-ABDBF7363BE2}.Debug|x64.ActiveCfg = Debug|Any CPU
		{C8DEBBC9-46FE-E006-9BF6-ABDBF7363BE2}.Debug|x64.Build.0 = Debug|Any CPU
		{C8DEBBC9-46FE-E006-9BF6-ABDBF7363BE2}.Debug|x86.ActiveCfg = Debug|Any CPU
		{C8DEBBC9-46FE-E006-9BF6-ABDBF7363BE2}.Debug|x86.Build.0 = Debug|Any CPU
		{C8DEBBC9-46FE-E006-9BF6-ABDBF7363BE2}.Release|Any CPU.ActiveCfg = Release|Any CPU
		{C8DEBBC9-46FE-E006-9BF6-ABDBF7363BE2}.Release|Any CPU.Build.0 = Release|Any CPU
		{C8DEBBC9-46FE-E006-9BF6-ABDBF7363BE2}.Release|x64.ActiveCfg = Release|Any CPU
		{C8DEBBC9-46FE-E006-9BF6-ABDBF7363BE2}.Release|x64.Build.0 = Release|Any CPU
		{C8DEBBC9-46FE-E006-9BF6-ABDBF7363BE2}.Release|x86.ActiveCfg = Release|Any CPU
		{C8DEBBC9-46FE-E006-9BF6-ABDBF7363BE2}.Release|x86.Build.0 = Release|Any CPU
		{3D5D5CDA-13F2-1A19-E363-C762B75F6559}.Debug|Any CPU.ActiveCfg = Debug|Any CPU
		{3D5D5CDA-13F2-1A19-E363-C762B75F6559}.Debug|Any CPU.Build.0 = Debug|Any CPU
		{3D5D5CDA-13F2-1A19-E363-C762B75F6559}.Debug|x64.ActiveCfg = Debug|Any CPU
		{3D5D5CDA-13F2-1A19-E363-C762B75F6559}.Debug|x64.Build.0 = Debug|Any CPU
		{3D5D5CDA-13F2-1A19-E363-C762B75F6559}.Debug|x86.ActiveCfg = Debug|Any CPU
		{3D5D5CDA-13F2-1A19-E363-C762B75F6559}.Debug|x86.Build.0 = Debug|Any CPU
		{3D5D5CDA-13F2-1A19-E363-C762B75F6559}.Release|Any CPU.ActiveCfg = Release|Any CPU
		{3D5D5CDA-13F2-1A19-E363-C762B75F6559}.Release|Any CPU.Build.0 = Release|Any CPU
		{3D5D5CDA-13F2-1A19-E363-C762B75F6559}.Release|x64.ActiveCfg = Release|Any CPU
		{3D5D5CDA-13F2-1A19-E363-C762B75F6559}.Release|x64.Build.0 = Release|Any CPU
		{3D5D5CDA-13F2-1A19-E363-C762B75F6559}.Release|x86.ActiveCfg = Release|Any CPU
		{3D5D5CDA-13F2-1A19-E363-C762B75F6559}.Release|x86.Build.0 = Release|Any CPU
		{17D41939-6F6F-439B-95AB-F2598ADCE2DC}.Debug|Any CPU.ActiveCfg = Debug|Any CPU
		{17D41939-6F6F-439B-95AB-F2598ADCE2DC}.Debug|Any CPU.Build.0 = Debug|Any CPU
		{17D41939-6F6F-439B-95AB-F2598ADCE2DC}.Debug|x64.ActiveCfg = Debug|Any CPU
		{17D41939-6F6F-439B-95AB-F2598ADCE2DC}.Debug|x64.Build.0 = Debug|Any CPU
		{17D41939-6F6F-439B-95AB-F2598ADCE2DC}.Debug|x86.ActiveCfg = Debug|Any CPU
		{17D41939-6F6F-439B-95AB-F2598ADCE2DC}.Debug|x86.Build.0 = Debug|Any CPU
		{17D41939-6F6F-439B-95AB-F2598ADCE2DC}.Release|Any CPU.ActiveCfg = Release|Any CPU
		{17D41939-6F6F-439B-95AB-F2598ADCE2DC}.Release|Any CPU.Build.0 = Release|Any CPU
		{17D41939-6F6F-439B-95AB-F2598ADCE2DC}.Release|x64.ActiveCfg = Release|Any CPU
		{17D41939-6F6F-439B-95AB-F2598ADCE2DC}.Release|x64.Build.0 = Release|Any CPU
		{17D41939-6F6F-439B-95AB-F2598ADCE2DC}.Release|x86.ActiveCfg = Release|Any CPU
		{17D41939-6F6F-439B-95AB-F2598ADCE2DC}.Release|x86.Build.0 = Release|Any CPU
		{CA119F32-9D21-454B-8A3F-BB823457EC46}.Debug|Any CPU.ActiveCfg = Debug|Any CPU
		{CA119F32-9D21-454B-8A3F-BB823457EC46}.Debug|Any CPU.Build.0 = Debug|Any CPU
		{CA119F32-9D21-454B-8A3F-BB823457EC46}.Debug|x64.ActiveCfg = Debug|Any CPU
		{CA119F32-9D21-454B-8A3F-BB823457EC46}.Debug|x64.Build.0 = Debug|Any CPU
		{CA119F32-9D21-454B-8A3F-BB823457EC46}.Debug|x86.ActiveCfg = Debug|Any CPU
		{CA119F32-9D21-454B-8A3F-BB823457EC46}.Debug|x86.Build.0 = Debug|Any CPU
		{CA119F32-9D21-454B-8A3F-BB823457EC46}.Release|Any CPU.ActiveCfg = Release|Any CPU
		{CA119F32-9D21-454B-8A3F-BB823457EC46}.Release|Any CPU.Build.0 = Release|Any CPU
		{CA119F32-9D21-454B-8A3F-BB823457EC46}.Release|x64.ActiveCfg = Release|Any CPU
		{CA119F32-9D21-454B-8A3F-BB823457EC46}.Release|x64.Build.0 = Release|Any CPU
		{CA119F32-9D21-454B-8A3F-BB823457EC46}.Release|x86.ActiveCfg = Release|Any CPU
		{CA119F32-9D21-454B-8A3F-BB823457EC46}.Release|x86.Build.0 = Release|Any CPU
		{7A2089E9-D31D-4C05-8AD3-68B05F702562}.Debug|Any CPU.ActiveCfg = Debug|Any CPU
		{7A2089E9-D31D-4C05-8AD3-68B05F702562}.Debug|Any CPU.Build.0 = Debug|Any CPU
		{7A2089E9-D31D-4C05-8AD3-68B05F702562}.Debug|x64.ActiveCfg = Debug|Any CPU
		{7A2089E9-D31D-4C05-8AD3-68B05F702562}.Debug|x64.Build.0 = Debug|Any CPU
		{7A2089E9-D31D-4C05-8AD3-68B05F702562}.Debug|x86.ActiveCfg = Debug|Any CPU
		{7A2089E9-D31D-4C05-8AD3-68B05F702562}.Debug|x86.Build.0 = Debug|Any CPU
		{7A2089E9-D31D-4C05-8AD3-68B05F702562}.Release|Any CPU.ActiveCfg = Release|Any CPU
		{7A2089E9-D31D-4C05-8AD3-68B05F702562}.Release|Any CPU.Build.0 = Release|Any CPU
		{7A2089E9-D31D-4C05-8AD3-68B05F702562}.Release|x64.ActiveCfg = Release|Any CPU
		{7A2089E9-D31D-4C05-8AD3-68B05F702562}.Release|x64.Build.0 = Release|Any CPU
		{7A2089E9-D31D-4C05-8AD3-68B05F702562}.Release|x86.ActiveCfg = Release|Any CPU
		{7A2089E9-D31D-4C05-8AD3-68B05F702562}.Release|x86.Build.0 = Release|Any CPU
		{4A0FE12A-8CB2-4730-813E-5A1BA035769E}.Debug|Any CPU.ActiveCfg = Debug|Any CPU
		{4A0FE12A-8CB2-4730-813E-5A1BA035769E}.Debug|Any CPU.Build.0 = Debug|Any CPU
		{4A0FE12A-8CB2-4730-813E-5A1BA035769E}.Debug|x64.ActiveCfg = Debug|Any CPU
		{4A0FE12A-8CB2-4730-813E-5A1BA035769E}.Debug|x64.Build.0 = Debug|Any CPU
		{4A0FE12A-8CB2-4730-813E-5A1BA035769E}.Debug|x86.ActiveCfg = Debug|Any CPU
		{4A0FE12A-8CB2-4730-813E-5A1BA035769E}.Debug|x86.Build.0 = Debug|Any CPU
		{4A0FE12A-8CB2-4730-813E-5A1BA035769E}.Release|Any CPU.ActiveCfg = Release|Any CPU
		{4A0FE12A-8CB2-4730-813E-5A1BA035769E}.Release|Any CPU.Build.0 = Release|Any CPU
		{4A0FE12A-8CB2-4730-813E-5A1BA035769E}.Release|x64.ActiveCfg = Release|Any CPU
		{4A0FE12A-8CB2-4730-813E-5A1BA035769E}.Release|x64.Build.0 = Release|Any CPU
		{4A0FE12A-8CB2-4730-813E-5A1BA035769E}.Release|x86.ActiveCfg = Release|Any CPU
		{4A0FE12A-8CB2-4730-813E-5A1BA035769E}.Release|x86.Build.0 = Release|Any CPU
		{0DC861DE-D152-49DB-84CA-4D5F41CC68F8}.Debug|Any CPU.ActiveCfg = Debug|Any CPU
		{0DC861DE-D152-49DB-84CA-4D5F41CC68F8}.Debug|Any CPU.Build.0 = Debug|Any CPU
		{0DC861DE-D152-49DB-84CA-4D5F41CC68F8}.Debug|x64.ActiveCfg = Debug|Any CPU
		{0DC861DE-D152-49DB-84CA-4D5F41CC68F8}.Debug|x64.Build.0 = Debug|Any CPU
		{0DC861DE-D152-49DB-84CA-4D5F41CC68F8}.Debug|x86.ActiveCfg = Debug|Any CPU
		{0DC861DE-D152-49DB-84CA-4D5F41CC68F8}.Debug|x86.Build.0 = Debug|Any CPU
		{0DC861DE-D152-49DB-84CA-4D5F41CC68F8}.Release|Any CPU.ActiveCfg = Release|Any CPU
		{0DC861DE-D152-49DB-84CA-4D5F41CC68F8}.Release|Any CPU.Build.0 = Release|Any CPU
		{0DC861DE-D152-49DB-84CA-4D5F41CC68F8}.Release|x64.ActiveCfg = Release|Any CPU
		{0DC861DE-D152-49DB-84CA-4D5F41CC68F8}.Release|x64.Build.0 = Release|Any CPU
		{0DC861DE-D152-49DB-84CA-4D5F41CC68F8}.Release|x86.ActiveCfg = Release|Any CPU
		{0DC861DE-D152-49DB-84CA-4D5F41CC68F8}.Release|x86.Build.0 = Release|Any CPU
		{CB5AF8B9-4C65-48A7-95E8-F30C57A7136A}.Debug|Any CPU.ActiveCfg = Debug|Any CPU
		{CB5AF8B9-4C65-48A7-95E8-F30C57A7136A}.Debug|Any CPU.Build.0 = Debug|Any CPU
		{CB5AF8B9-4C65-48A7-95E8-F30C57A7136A}.Debug|x64.ActiveCfg = Debug|Any CPU
		{CB5AF8B9-4C65-48A7-95E8-F30C57A7136A}.Debug|x64.Build.0 = Debug|Any CPU
		{CB5AF8B9-4C65-48A7-95E8-F30C57A7136A}.Debug|x86.ActiveCfg = Debug|Any CPU
		{CB5AF8B9-4C65-48A7-95E8-F30C57A7136A}.Debug|x86.Build.0 = Debug|Any CPU
		{CB5AF8B9-4C65-48A7-95E8-F30C57A7136A}.Release|Any CPU.ActiveCfg = Release|Any CPU
		{CB5AF8B9-4C65-48A7-95E8-F30C57A7136A}.Release|Any CPU.Build.0 = Release|Any CPU
		{CB5AF8B9-4C65-48A7-95E8-F30C57A7136A}.Release|x64.ActiveCfg = Release|Any CPU
		{CB5AF8B9-4C65-48A7-95E8-F30C57A7136A}.Release|x64.Build.0 = Release|Any CPU
		{CB5AF8B9-4C65-48A7-95E8-F30C57A7136A}.Release|x86.ActiveCfg = Release|Any CPU
		{CB5AF8B9-4C65-48A7-95E8-F30C57A7136A}.Release|x86.Build.0 = Release|Any CPU
	EndGlobalSection
	GlobalSection(SolutionProperties) = preSolution
		HideSolutionNode = FALSE
	EndGlobalSection
	GlobalSection(NestedProjects) = preSolution
		{DBAB612C-6B63-4619-39D4-AE27277EA601} = {97801D5D-4A1B-C74C-B4FD-7AA55974EF73}
		{26DAE59A-A3A3-F9B2-645A-1DE77A3F819F} = {DBAB612C-6B63-4619-39D4-AE27277EA601}
		{91C0945B-4501-5C26-3AFA-41A5FD4E8950} = {97801D5D-4A1B-C74C-B4FD-7AA55974EF73}
		{55B49F76-E273-260F-AD45-63EE47B50E73} = {91C0945B-4501-5C26-3AFA-41A5FD4E8950}
		{7FB9A197-6B9E-1EC9-E1FD-4CE4ADCA4D23} = {55B49F76-E273-260F-AD45-63EE47B50E73}
		{13E6A41E-EB48-AC14-DE33-2F212815A466} = {55B49F76-E273-260F-AD45-63EE47B50E73}
		{E964A692-8C3E-B1F9-0589-45ADE4A48F06} = {55B49F76-E273-260F-AD45-63EE47B50E73}
		{231AB501-F22C-90C9-3083-EDECFEDF670D} = {55B49F76-E273-260F-AD45-63EE47B50E73}
		{74323652-F829-E0A4-724B-92118BD118B6} = {55B49F76-E273-260F-AD45-63EE47B50E73}
		{9983337E-B58C-E522-CBF9-1A1A58EC4ADC} = {55B49F76-E273-260F-AD45-63EE47B50E73}
		{C8DEBBC9-46FE-E006-9BF6-ABDBF7363BE2} = {55B49F76-E273-260F-AD45-63EE47B50E73}
		{3D5D5CDA-13F2-1A19-E363-C762B75F6559} = {55B49F76-E273-260F-AD45-63EE47B50E73}
		{3276BDED-FF0C-3AE9-2732-5CEA19E8C2BC} = {DBAB612C-6B63-4619-39D4-AE27277EA601}
		{17E054F8-9EB6-C159-1F70-05BE13CF6570} = {3276BDED-FF0C-3AE9-2732-5CEA19E8C2BC}
		{17D41939-6F6F-439B-95AB-F2598ADCE2DC} = {17E054F8-9EB6-C159-1F70-05BE13CF6570}
		{5191457A-9FF4-6E9C-9BA6-1C72AFEC0694} = {DBAB612C-6B63-4619-39D4-AE27277EA601}
		{33DA2463-32A7-3E95-93C8-531168ADA9A7} = {5191457A-9FF4-6E9C-9BA6-1C72AFEC0694}
		{31DDE893-E9E8-7881-CCFD-EA9EE634DF2C} = {33DA2463-32A7-3E95-93C8-531168ADA9A7}
		{CA119F32-9D21-454B-8A3F-BB823457EC46} = {31DDE893-E9E8-7881-CCFD-EA9EE634DF2C}
		{7A2089E9-D31D-4C05-8AD3-68B05F702562} = {17E054F8-9EB6-C159-1F70-05BE13CF6570}
		{3DC76A97-848A-41F7-835C-23F642B4B9E2} = {DBAB612C-6B63-4619-39D4-AE27277EA601}
		{7FF63C51-56BB-44CF-AD29-97351FA01E18} = {3DC76A97-848A-41F7-835C-23F642B4B9E2}
		{4A0FE12A-8CB2-4730-813E-5A1BA035769E} = {7FF63C51-56BB-44CF-AD29-97351FA01E18}
		{C6A5F519-9708-3D77-CE90-15C8A9F34369} = {DBAB612C-6B63-4619-39D4-AE27277EA601}
		{9AF92F6A-CD08-AE63-74AD-C0C535F0BD8C} = {C6A5F519-9708-3D77-CE90-15C8A9F34369}
		{9B3C1E04-B46B-BECF-3318-0BA822DB0390} = {9AF92F6A-CD08-AE63-74AD-C0C535F0BD8C}
		{0DC861DE-D152-49DB-84CA-4D5F41CC68F8} = {9B3C1E04-B46B-BECF-3318-0BA822DB0390}
		{D41CC122-FD82-BFA9-45D5-840D98EDBBE2} = {9AF92F6A-CD08-AE63-74AD-C0C535F0BD8C}
		{CB5AF8B9-4C65-48A7-95E8-F30C57A7136A} = {D41CC122-FD82-BFA9-45D5-840D98EDBBE2}
	EndGlobalSection
	GlobalSection(ExtensibilityGlobals) = postSolution
		SolutionGuid = {FE5D8520-8868-40F6-B3AE-992BE66EE995}
	EndGlobalSection
EndGlobal
